
Microsoft Visual Studio Solution File, Format Version 12.00
# Visual Studio Version 17
VisualStudioVersion = 17.9.34728.123
MinimumVisualStudioVersion = 10.0.40219.1
Project("{FAE04EC0-301F-11D3-BF4B-00C04F79EFBC}") = "SampleEFApp", "SampleEFApp\SampleEFApp.csproj", "{0F993D83-F826-4A37-BEE4-7F5BBCD78AF1}"
EndProject
Global
	GlobalSection(SolutionConfigurationPlatforms) = preSolution
		Debug|Any CPU = Debug|Any CPU
		Release|Any CPU = Release|Any CPU
	EndGlobalSection
	GlobalSection(ProjectConfigurationPlatforms) = postSolution
		{0F993D83-F826-4A37-BEE4-7F5BBCD78AF1}.Debug|Any CPU.ActiveCfg = Debug|Any CPU
		{0F993D83-F826-4A37-BEE4-7F5BBCD78AF1}.Debug|Any CPU.Build.0 = Debug|Any CPU
		{0F993D83-F826-4A37-BEE4-7F5BBCD78AF1}.Release|Any CPU.ActiveCfg = Release|Any CPU
		{0F993D83-F826-4A37-BEE4-7F5BBCD78AF1}.Release|Any CPU.Build.0 = Release|Any CPU
	EndGlobalSection
	GlobalSection(SolutionProperties) = preSolution
		HideSolutionNode = FALSE
	EndGlobalSection
	GlobalSection(ExtensibilityGlobals) = postSolution
		SolutionGuid = {2923FAA9-A812-4E01-A38B-0A9ED5C41C8F}
	EndGlobalSection
EndGlobal
