
Microsoft Visual Studio Solution File, Format Version 12.00
# Visual Studio Version 17
VisualStudioVersion = 17.9.34728.123
MinimumVisualStudioVersion = 10.0.40219.1
Project("{FAE04EC0-301F-11D3-BF4B-00C04F79EFBC}") = "EmployeeData", "EmployeeData\EmployeeData.csproj", "{EE000276-956F-44F8-8BB3-26327D793B0E}"
EndProject
Project("{FAE04EC0-301F-11D3-BF4B-00C04F79EFBC}") = "ModelLibrary", "Employee\ModelLibrary.csproj", "{7BFF8B5A-130A-4705-A9CB-D50A1E75C343}"
EndProject
Global
	GlobalSection(SolutionConfigurationPlatforms) = preSolution
		Debug|Any CPU = Debug|Any CPU
		Release|Any CPU = Release|Any CPU
	EndGlobalSection
	GlobalSection(ProjectConfigurationPlatforms) = postSolution
		{EE000276-956F-44F8-8BB3-26327D793B0E}.Debug|Any CPU.ActiveCfg = Debug|Any CPU
		{EE000276-956F-44F8-8BB3-26327D793B0E}.Debug|Any CPU.Build.0 = Debug|Any CPU
		{EE000276-956F-44F8-8BB3-26327D793B0E}.Release|Any CPU.ActiveCfg = Release|Any CPU
		{EE000276-956F-44F8-8BB3-26327D793B0E}.Release|Any CPU.Build.0 = Release|Any CPU
		{7BFF8B5A-130A-4705-A9CB-D50A1E75C343}.Debug|Any CPU.ActiveCfg = Debug|Any CPU
		{7BFF8B5A-130A-4705-A9CB-D50A1E75C343}.Debug|Any CPU.Build.0 = Debug|Any CPU
		{7BFF8B5A-130A-4705-A9CB-D50A1E75C343}.Release|Any CPU.ActiveCfg = Release|Any CPU
		{7BFF8B5A-130A-4705-A9CB-D50A1E75C343}.Release|Any CPU.Build.0 = Release|Any CPU
	EndGlobalSection
	GlobalSection(SolutionProperties) = preSolution
		HideSolutionNode = FALSE
	EndGlobalSection
	GlobalSection(ExtensibilityGlobals) = postSolution
		SolutionGuid = {7BA04B64-E978-4FFC-8542-A6E4E4FE4E71}
	EndGlobalSection
EndGlobal
