
Microsoft Visual Studio Solution File, Format Version 12.00
# Visual Studio Version 17
VisualStudioVersion = 17.9.34728.123
MinimumVisualStudioVersion = 10.0.40219.1
Project("{FAE04EC0-301F-11D3-BF4B-00C04F79EFBC}") = "ValidCardNumber", "ValidCardNumber\ValidCardNumber.csproj", "{F87839AC-F38C-4D96-A99A-35DAB2A90376}"
EndProject
Global
	GlobalSection(SolutionConfigurationPlatforms) = preSolution
		Debug|Any CPU = Debug|Any CPU
		Release|Any CPU = Release|Any CPU
	EndGlobalSection
	GlobalSection(ProjectConfigurationPlatforms) = postSolution
		{F87839AC-F38C-4D96-A99A-35DAB2A90376}.Debug|Any CPU.ActiveCfg = Debug|Any CPU
		{F87839AC-F38C-4D96-A99A-35DAB2A90376}.Debug|Any CPU.Build.0 = Debug|Any CPU
		{F87839AC-F38C-4D96-A99A-35DAB2A90376}.Release|Any CPU.ActiveCfg = Release|Any CPU
		{F87839AC-F38C-4D96-A99A-35DAB2A90376}.Release|Any CPU.Build.0 = Release|Any CPU
	EndGlobalSection
	GlobalSection(SolutionProperties) = preSolution
		HideSolutionNode = FALSE
	EndGlobalSection
	GlobalSection(ExtensibilityGlobals) = postSolution
		SolutionGuid = {9440D48E-A391-4A66-899F-BADCD9D108D6}
	EndGlobalSection
EndGlobal
